
Microsoft Visual Studio Solution File, Format Version 12.00
# Visual Studio Version 17
VisualStudioVersion = 17.13.35806.99 d17.13
MinimumVisualStudioVersion = 10.0.40219.1
Project("{D2ABAB84-BF74-430A-B69E-9DC6D40DDA17}") = "Hospital Management DWBI Assignment 02", "Hospital Management DWBI Assignment 02.dwproj", "{2F27F252-3EEB-0AEE-B789-2431450E3A48}"
EndProject
Global
	GlobalSection(SolutionConfigurationPlatforms) = preSolution
		Development|Default = Development|Default
	EndGlobalSection
	GlobalSection(ProjectConfigurationPlatforms) = postSolution
		{2F27F252-3EEB-0AEE-B789-2431450E3A48}.Development|Default.ActiveCfg = Development
		{2F27F252-3EEB-0AEE-B789-2431450E3A48}.Development|Default.Build.0 = Development
		{2F27F252-3EEB-0AEE-B789-2431450E3A48}.Development|Default.Deploy.0 = Development
	EndGlobalSection
	GlobalSection(SolutionProperties) = preSolution
		HideSolutionNode = FALSE
	EndGlobalSection
	GlobalSection(ExtensibilityGlobals) = postSolution
		SolutionGuid = {883BD6CF-5E5E-4BF4-8E77-7D40F794AB0C}
	EndGlobalSection
EndGlobal
